// !$*UTF8*$!
{
	archiveVersion = 1;
	classes = {
	};
	objectVersion = 51;
	objects = {

/* Begin PBXBuildFile section */
		59E55C64268CA85A007F504B /* AppDelegate.swift in Sources */ = {isa = PBXBuildFile; fileRef = 59E55C63268CA85A007F504B /* AppDelegate.swift */; };
		59E55C66268CA85A007F504B /* SceneDelegate.swift in Sources */ = {isa = PBXBuildFile; fileRef = 59E55C65268CA85A007F504B /* SceneDelegate.swift */; };
		59E55C68268CA85A007F504B /* ViewController.swift in Sources */ = {isa = PBXBuildFile; fileRef = 59E55C67268CA85A007F504B /* ViewController.swift */; };
		59E55C6B268CA85A007F504B /* Main.storyboard in Resources */ = {isa = PBXBuildFile; fileRef = 59E55C69268CA85A007F504B /* Main.storyboard */; };
		59E55C6E268CA85A007F504B /* SmartHome.xcdatamodeld in Sources */ = {isa = PBXBuildFile; fileRef = 59E55C6C268CA85A007F504B /* SmartHome.xcdatamodeld */; };
		59E55C70268CA85D007F504B /* Assets.xcassets in Resources */ = {isa = PBXBuildFile; fileRef = 59E55C6F268CA85D007F504B /* Assets.xcassets */; };
		59E55C73268CA85D007F504B /* LaunchScreen.storyboard in Resources */ = {isa = PBXBuildFile; fileRef = 59E55C71268CA85D007F504B /* LaunchScreen.storyboard */; };
		59E55C7E268CADE9007F504B /* WelcomeViewController.swift in Sources */ = {isa = PBXBuildFile; fileRef = 59E55C7D268CADE9007F504B /* WelcomeViewController.swift */; };
		59E55C80268CAE4E007F504B /* RegisterViewController.swift in Sources */ = {isa = PBXBuildFile; fileRef = 59E55C7F268CAE4E007F504B /* RegisterViewController.swift */; };
		59E55C82268CAE6A007F504B /* LoginViewController.swift in Sources */ = {isa = PBXBuildFile; fileRef = 59E55C81268CAE6A007F504B /* LoginViewController.swift */; };
		59E55C84268CAE7C007F504B /* ChatViewController.swift in Sources */ = {isa = PBXBuildFile; fileRef = 59E55C83268CAE7C007F504B /* ChatViewController.swift */; };
		59E55C86268CAF2B007F504B /* Constants.swift in Sources */ = {isa = PBXBuildFile; fileRef = 59E55C85268CAF2B007F504B /* Constants.swift */; };
		59E55C88268CB152007F504B /* GoogleService-Info.plist in Resources */ = {isa = PBXBuildFile; fileRef = 59E55C87268CB152007F504B /* GoogleService-Info.plist */; };
		59E55C8A268CE699007F504B /* DataService.swift in Sources */ = {isa = PBXBuildFile; fileRef = 59E55C89268CE699007F504B /* DataService.swift */; };
		59E55C8C268CE756007F504B /* HomeData.swift in Sources */ = {isa = PBXBuildFile; fileRef = 59E55C8B268CE756007F504B /* HomeData.swift */; };
		59E55C8E268CEB27007F504B /* MessageData.swift in Sources */ = {isa = PBXBuildFile; fileRef = 59E55C8D268CEB27007F504B /* MessageData.swift */; };
		59E55C90268CECD5007F504B /* MessageCell.xib in Resources */ = {isa = PBXBuildFile; fileRef = 59E55C8F268CECD5007F504B /* MessageCell.xib */; };
		59E55C92268CED0F007F504B /* MessageCell.swift in Sources */ = {isa = PBXBuildFile; fileRef = 59E55C91268CED0F007F504B /* MessageCell.swift */; };
		D219B860DC4F27B054AB6758 /* Pods_SmartHome.framework in Frameworks */ = {isa = PBXBuildFile; fileRef = B1B274D52A2DF273D4EFD281 /* Pods_SmartHome.framework */; };
/* End PBXBuildFile section */

/* Begin PBXFileReference section */
		3BA394259BC13A971204FA6B /* Pods-SmartHome.release.xcconfig */ = {isa = PBXFileReference; includeInIndex = 1; lastKnownFileType = text.xcconfig; name = "Pods-SmartHome.release.xcconfig"; path = "Target Support Files/Pods-SmartHome/Pods-SmartHome.release.xcconfig"; sourceTree = "<group>"; };
		59E55C60268CA85A007F504B /* SmartHome.app */ = {isa = PBXFileReference; explicitFileType = wrapper.application; includeInIndex = 0; path = SmartHome.app; sourceTree = BUILT_PRODUCTS_DIR; };
		59E55C63268CA85A007F504B /* AppDelegate.swift */ = {isa = PBXFileReference; lastKnownFileType = sourcecode.swift; path = AppDelegate.swift; sourceTree = "<group>"; };
		59E55C65268CA85A007F504B /* SceneDelegate.swift */ = {isa = PBXFileReference; lastKnownFileType = sourcecode.swift; path = SceneDelegate.swift; sourceTree = "<group>"; };
		59E55C67268CA85A007F504B /* ViewController.swift */ = {isa = PBXFileReference; lastKnownFileType = sourcecode.swift; path = ViewController.swift; sourceTree = "<group>"; };
		59E55C6A268CA85A007F504B /* Base */ = {isa = PBXFileReference; lastKnownFileType = file.storyboard; name = Base; path = Base.lproj/Main.storyboard; sourceTree = "<group>"; };
		59E55C6D268CA85A007F504B /* SmartHome.xcdatamodel */ = {isa = PBXFileReference; lastKnownFileType = wrapper.xcdatamodel; path = SmartHome.xcdatamodel; sourceTree = "<group>"; };
		59E55C6F268CA85D007F504B /* Assets.xcassets */ = {isa = PBXFileReference; lastKnownFileType = folder.assetcatalog; path = Assets.xcassets; sourceTree = "<group>"; };
		59E55C72268CA85D007F504B /* Base */ = {isa = PBXFileReference; lastKnownFileType = file.storyboard; name = Base; path = Base.lproj/LaunchScreen.storyboard; sourceTree = "<group>"; };
		59E55C74268CA85D007F504B /* Info.plist */ = {isa = PBXFileReference; lastKnownFileType = text.plist.xml; path = Info.plist; sourceTree = "<group>"; };
		59E55C7D268CADE9007F504B /* WelcomeViewController.swift */ = {isa = PBXFileReference; lastKnownFileType = sourcecode.swift; path = WelcomeViewController.swift; sourceTree = "<group>"; };
		59E55C7F268CAE4E007F504B /* RegisterViewController.swift */ = {isa = PBXFileReference; lastKnownFileType = sourcecode.swift; path = RegisterViewController.swift; sourceTree = "<group>"; };
		59E55C81268CAE6A007F504B /* LoginViewController.swift */ = {isa = PBXFileReference; lastKnownFileType = sourcecode.swift; path = LoginViewController.swift; sourceTree = "<group>"; };
		59E55C83268CAE7C007F504B /* ChatViewController.swift */ = {isa = PBXFileReference; lastKnownFileType = sourcecode.swift; path = ChatViewController.swift; sourceTree = "<group>"; };
		59E55C85268CAF2B007F504B /* Constants.swift */ = {isa = PBXFileReference; lastKnownFileType = sourcecode.swift; path = Constants.swift; sourceTree = "<group>"; };
		59E55C87268CB152007F504B /* GoogleService-Info.plist */ = {isa = PBXFileReference; fileEncoding = 4; lastKnownFileType = text.plist.xml; path = "GoogleService-Info.plist"; sourceTree = "<group>"; };
		59E55C89268CE699007F504B /* DataService.swift */ = {isa = PBXFileReference; lastKnownFileType = sourcecode.swift; path = DataService.swift; sourceTree = "<group>"; };
		59E55C8B268CE756007F504B /* HomeData.swift */ = {isa = PBXFileReference; lastKnownFileType = sourcecode.swift; path = HomeData.swift; sourceTree = "<group>"; };
		59E55C8D268CEB27007F504B /* MessageData.swift */ = {isa = PBXFileReference; lastKnownFileType = sourcecode.swift; path = MessageData.swift; sourceTree = "<group>"; };
		59E55C8F268CECD5007F504B /* MessageCell.xib */ = {isa = PBXFileReference; lastKnownFileType = file.xib; path = MessageCell.xib; sourceTree = "<group>"; };
		59E55C91268CED0F007F504B /* MessageCell.swift */ = {isa = PBXFileReference; lastKnownFileType = sourcecode.swift; path = MessageCell.swift; sourceTree = "<group>"; };
		788F9B08EB29403F2E586A3A /* Pods-SmartHome.debug.xcconfig */ = {isa = PBXFileReference; includeInIndex = 1; lastKnownFileType = text.xcconfig; name = "Pods-SmartHome.debug.xcconfig"; path = "Target Support Files/Pods-SmartHome/Pods-SmartHome.debug.xcconfig"; sourceTree = "<group>"; };
		B1B274D52A2DF273D4EFD281 /* Pods_SmartHome.framework */ = {isa = PBXFileReference; explicitFileType = wrapper.framework; includeInIndex = 0; path = Pods_SmartHome.framework; sourceTree = BUILT_PRODUCTS_DIR; };
/* End PBXFileReference section */

/* Begin PBXFrameworksBuildPhase section */
		59E55C5D268CA85A007F504B /* Frameworks */ = {
			isa = PBXFrameworksBuildPhase;
			buildActionMask = 2147483647;
			files = (
				D219B860DC4F27B054AB6758 /* Pods_SmartHome.framework in Frameworks */,
			);
			runOnlyForDeploymentPostprocessing = 0;
		};
/* End PBXFrameworksBuildPhase section */

/* Begin PBXGroup section */
		14888809E74189D53EF28518 /* Frameworks */ = {
			isa = PBXGroup;
			children = (
				B1B274D52A2DF273D4EFD281 /* Pods_SmartHome.framework */,
			);
			name = Frameworks;
			sourceTree = "<group>";
		};
		234FBAD934696B4761A61690 /* Pods */ = {
			isa = PBXGroup;
			children = (
				788F9B08EB29403F2E586A3A /* Pods-SmartHome.debug.xcconfig */,
				3BA394259BC13A971204FA6B /* Pods-SmartHome.release.xcconfig */,
			);
			path = Pods;
			sourceTree = "<group>";
		};
		59E55C57268CA859007F504B = {
			isa = PBXGroup;
			children = (
				59E55C62268CA85A007F504B /* SmartHome */,
				59E55C61268CA85A007F504B /* Products */,
				234FBAD934696B4761A61690 /* Pods */,
				14888809E74189D53EF28518 /* Frameworks */,
			);
			sourceTree = "<group>";
		};
		59E55C61268CA85A007F504B /* Products */ = {
			isa = PBXGroup;
			children = (
				59E55C60268CA85A007F504B /* SmartHome.app */,
			);
			name = Products;
			sourceTree = "<group>";
		};
		59E55C62268CA85A007F504B /* SmartHome */ = {
			isa = PBXGroup;
			children = (
				59E55C7C268CAB40007F504B /* Controller */,
				59E55C7B268CAB3B007F504B /* View */,
				59E55C7A268CAB35007F504B /* Model */,
				59E55C63268CA85A007F504B /* AppDelegate.swift */,
				59E55C65268CA85A007F504B /* SceneDelegate.swift */,
				59E55C67268CA85A007F504B /* ViewController.swift */,
				59E55C6F268CA85D007F504B /* Assets.xcassets */,
				59E55C71268CA85D007F504B /* LaunchScreen.storyboard */,
				59E55C74268CA85D007F504B /* Info.plist */,
				59E55C87268CB152007F504B /* GoogleService-Info.plist */,
				59E55C6C268CA85A007F504B /* SmartHome.xcdatamodeld */,
				59E55C85268CAF2B007F504B /* Constants.swift */,
				59E55C89268CE699007F504B /* DataService.swift */,
			);
			path = SmartHome;
			sourceTree = "<group>";
		};
		59E55C7A268CAB35007F504B /* Model */ = {
			isa = PBXGroup;
			children = (
				59E55C8B268CE756007F504B /* HomeData.swift */,
				59E55C8D268CEB27007F504B /* MessageData.swift */,
			);
			path = Model;
			sourceTree = "<group>";
		};
		59E55C7B268CAB3B007F504B /* View */ = {
			isa = PBXGroup;
			children = (
				59E55C69268CA85A007F504B /* Main.storyboard */,
				59E55C8F268CECD5007F504B /* MessageCell.xib */,
				59E55C91268CED0F007F504B /* MessageCell.swift */,
			);
			path = View;
			sourceTree = "<group>";
		};
		59E55C7C268CAB40007F504B /* Controller */ = {
			isa = PBXGroup;
			children = (
				59E55C7D268CADE9007F504B /* WelcomeViewController.swift */,
				59E55C7F268CAE4E007F504B /* RegisterViewController.swift */,
				59E55C81268CAE6A007F504B /* LoginViewController.swift */,
				59E55C83268CAE7C007F504B /* ChatViewController.swift */,
			);
			path = Controller;
			sourceTree = "<group>";
		};
/* End PBXGroup section */

/* Begin PBXNativeTarget section */
		59E55C5F268CA85A007F504B /* SmartHome */ = {
			isa = PBXNativeTarget;
			buildConfigurationList = 59E55C77268CA85D007F504B /* Build configuration list for PBXNativeTarget "SmartHome" */;
			buildPhases = (
				E505266C2E8F6C350C9D5E35 /* [CP] Check Pods Manifest.lock */,
				59E55C5C268CA85A007F504B /* Sources */,
				59E55C5D268CA85A007F504B /* Frameworks */,
				59E55C5E268CA85A007F504B /* Resources */,
				82CFAAFE0B28BEEA483C0573 /* [CP] Embed Pods Frameworks */,
			);
			buildRules = (
			);
			dependencies = (
			);
			name = SmartHome;
			productName = SmartHome;
			productReference = 59E55C60268CA85A007F504B /* SmartHome.app */;
			productType = "com.apple.product-type.application";
		};
/* End PBXNativeTarget section */

/* Begin PBXProject section */
		59E55C58268CA859007F504B /* Project object */ = {
			isa = PBXProject;
			attributes = {
				LastSwiftUpdateCheck = 1250;
				LastUpgradeCheck = 1250;
				TargetAttributes = {
					59E55C5F268CA85A007F504B = {
						CreatedOnToolsVersion = 12.5;
					};
				};
			};
			buildConfigurationList = 59E55C5B268CA859007F504B /* Build configuration list for PBXProject "SmartHome" */;
			compatibilityVersion = "Xcode 9.3";
			developmentRegion = en;
			hasScannedForEncodings = 0;
			knownRegions = (
				en,
				Base,
			);
			mainGroup = 59E55C57268CA859007F504B;
			productRefGroup = 59E55C61268CA85A007F504B /* Products */;
			projectDirPath = "";
			projectRoot = "";
			targets = (
				59E55C5F268CA85A007F504B /* SmartHome */,
			);
		};
/* End PBXProject section */

/* Begin PBXResourcesBuildPhase section */
		59E55C5E268CA85A007F504B /* Resources */ = {
			isa = PBXResourcesBuildPhase;
			buildActionMask = 2147483647;
			files = (
				59E55C90268CECD5007F504B /* MessageCell.xib in Resources */,
				59E55C73268CA85D007F504B /* LaunchScreen.storyboard in Resources */,
				59E55C88268CB152007F504B /* GoogleService-Info.plist in Resources */,
				59E55C70268CA85D007F504B /* Assets.xcassets in Resources */,
				59E55C6B268CA85A007F504B /* Main.storyboard in Resources */,
			);
			runOnlyForDeploymentPostprocessing = 0;
		};
/* End PBXResourcesBuildPhase section */

/* Begin PBXShellScriptBuildPhase section */
		82CFAAFE0B28BEEA483C0573 /* [CP] Embed Pods Frameworks */ = {
			isa = PBXShellScriptBuildPhase;
			buildActionMask = 2147483647;
			files = (
			);
			inputFileListPaths = (
				"${PODS_ROOT}/Target Support Files/Pods-SmartHome/Pods-SmartHome-frameworks-${CONFIGURATION}-input-files.xcfilelist",
			);
			name = "[CP] Embed Pods Frameworks";
			outputFileListPaths = (
				"${PODS_ROOT}/Target Support Files/Pods-SmartHome/Pods-SmartHome-frameworks-${CONFIGURATION}-output-files.xcfilelist",
			);
			runOnlyForDeploymentPostprocessing = 0;
			shellPath = /bin/sh;
			shellScript = "\"${PODS_ROOT}/Target Support Files/Pods-SmartHome/Pods-SmartHome-frameworks.sh\"\n";
			showEnvVarsInLog = 0;
		};
		E505266C2E8F6C350C9D5E35 /* [CP] Check Pods Manifest.lock */ = {
			isa = PBXShellScriptBuildPhase;
			buildActionMask = 2147483647;
			files = (
			);
			inputFileListPaths = (
			);
			inputPaths = (
				"${PODS_PODFILE_DIR_PATH}/Podfile.lock",
				"${PODS_ROOT}/Manifest.lock",
			);
			name = "[CP] Check Pods Manifest.lock";
			outputFileListPaths = (
			);
			outputPaths = (
				"$(DERIVED_FILE_DIR)/Pods-SmartHome-checkManifestLockResult.txt",
			);
			runOnlyForDeploymentPostprocessing = 0;
			shellPath = /bin/sh;
			shellScript = "diff \"${PODS_PODFILE_DIR_PATH}/Podfile.lock\" \"${PODS_ROOT}/Manifest.lock\" > /dev/null\nif [ $? != 0 ] ; then\n    # print error to STDERR\n    echo \"error: The sandbox is not in sync with the Podfile.lock. Run 'pod install' or update your CocoaPods installation.\" >&2\n    exit 1\nfi\n# This output is used by Xcode 'outputs' to avoid re-running this script phase.\necho \"SUCCESS\" > \"${SCRIPT_OUTPUT_FILE_0}\"\n";
			showEnvVarsInLog = 0;
		};
/* End PBXShellScriptBuildPhase section */

/* Begin PBXSourcesBuildPhase section */
		59E55C5C268CA85A007F504B /* Sources */ = {
			isa = PBXSourcesBuildPhase;
			buildActionMask = 2147483647;
			files = (
				59E55C82268CAE6A007F504B /* LoginViewController.swift in Sources */,
				59E55C68268CA85A007F504B /* ViewController.swift in Sources */,
				59E55C84268CAE7C007F504B /* ChatViewController.swift in Sources */,
				59E55C7E268CADE9007F504B /* WelcomeViewController.swift in Sources */,
				59E55C92268CED0F007F504B /* MessageCell.swift in Sources */,
				59E55C64268CA85A007F504B /* AppDelegate.swift in Sources */,
				59E55C80268CAE4E007F504B /* RegisterViewController.swift in Sources */,
				59E55C6E268CA85A007F504B /* SmartHome.xcdatamodeld in Sources */,
				59E55C8E268CEB27007F504B /* MessageData.swift in Sources */,
				59E55C66268CA85A007F504B /* SceneDelegate.swift in Sources */,
				59E55C86268CAF2B007F504B /* Constants.swift in Sources */,
				59E55C8A268CE699007F504B /* DataService.swift in Sources */,
				59E55C8C268CE756007F504B /* HomeData.swift in Sources */,
			);
			runOnlyForDeploymentPostprocessing = 0;
		};
/* End PBXSourcesBuildPhase section */

/* Begin PBXVariantGroup section */
		59E55C69268CA85A007F504B /* Main.storyboard */ = {
			isa = PBXVariantGroup;
			children = (
				59E55C6A268CA85A007F504B /* Base */,
			);
			name = Main.storyboard;
			sourceTree = "<group>";
		};
		59E55C71268CA85D007F504B /* LaunchScreen.storyboard */ = {
			isa = PBXVariantGroup;
			children = (
				59E55C72268CA85D007F504B /* Base */,
			);
			name = LaunchScreen.storyboard;
			sourceTree = "<group>";
		};
/* End PBXVariantGroup section */

/* Begin XCBuildConfiguration section */
		59E55C75268CA85D007F504B /* Debug */ = {
			isa = XCBuildConfiguration;
			buildSettings = {
				ALWAYS_SEARCH_USER_PATHS = NO;
				CLANG_ANALYZER_NONNULL = YES;
				CLANG_ANALYZER_NUMBER_OBJECT_CONVERSION = YES_AGGRESSIVE;
				CLANG_CXX_LANGUAGE_STANDARD = "gnu++14";
				CLANG_CXX_LIBRARY = "libc++";
				CLANG_ENABLE_MODULES = YES;
				CLANG_ENABLE_OBJC_ARC = YES;
				CLANG_ENABLE_OBJC_WEAK = YES;
				CLANG_WARN_BLOCK_CAPTURE_AUTORELEASING = YES;
				CLANG_WARN_BOOL_CONVERSION = YES;
				CLANG_WARN_COMMA = YES;
				CLANG_WARN_CONSTANT_CONVERSION = YES;
				CLANG_WARN_DEPRECATED_OBJC_IMPLEMENTATIONS = YES;
				CLANG_WARN_DIRECT_OBJC_ISA_USAGE = YES_ERROR;
				CLANG_WARN_DOCUMENTATION_COMMENTS = YES;
				CLANG_WARN_EMPTY_BODY = YES;
				CLANG_WARN_ENUM_CONVERSION = YES;
				CLANG_WARN_INFINITE_RECURSION = YES;
				CLANG_WARN_INT_CONVERSION = YES;
				CLANG_WARN_NON_LITERAL_NULL_CONVERSION = YES;
				CLANG_WARN_OBJC_IMPLICIT_RETAIN_SELF = YES;
				CLANG_WARN_OBJC_LITERAL_CONVERSION = YES;
				CLANG_WARN_OBJC_ROOT_CLASS = YES_ERROR;
				CLANG_WARN_QUOTED_INCLUDE_IN_FRAMEWORK_HEADER = YES;
				CLANG_WARN_RANGE_LOOP_ANALYSIS = YES;
				CLANG_WARN_STRICT_PROTOTYPES = YES;
				CLANG_WARN_SUSPICIOUS_MOVE = YES;
				CLANG_WARN_UNGUARDED_AVAILABILITY = YES_AGGRESSIVE;
				CLANG_WARN_UNREACHABLE_CODE = YES;
				CLANG_WARN__DUPLICATE_METHOD_MATCH = YES;
				COPY_PHASE_STRIP = NO;
				DEBUG_INFORMATION_FORMAT = dwarf;
				ENABLE_STRICT_OBJC_MSGSEND = YES;
				ENABLE_TESTABILITY = YES;
				GCC_C_LANGUAGE_STANDARD = gnu11;
				GCC_DYNAMIC_NO_PIC = NO;
				GCC_NO_COMMON_BLOCKS = YES;
				GCC_OPTIMIZATION_LEVEL = 0;
				GCC_PREPROCESSOR_DEFINITIONS = (
					"DEBUG=1",
					"$(inherited)",
				);
				GCC_WARN_64_TO_32_BIT_CONVERSION = YES;
				GCC_WARN_ABOUT_RETURN_TYPE = YES_ERROR;
				GCC_WARN_UNDECLARED_SELECTOR = YES;
				GCC_WARN_UNINITIALIZED_AUTOS = YES_AGGRESSIVE;
				GCC_WARN_UNUSED_FUNCTION = YES;
				GCC_WARN_UNUSED_VARIABLE = YES;
				IPHONEOS_DEPLOYMENT_TARGET = 14.5;
				MTL_ENABLE_DEBUG_INFO = INCLUDE_SOURCE;
				MTL_FAST_MATH = YES;
				ONLY_ACTIVE_ARCH = YES;
				SDKROOT = iphoneos;
				SWIFT_ACTIVE_COMPILATION_CONDITIONS = DEBUG;
				SWIFT_OPTIMIZATION_LEVEL = "-Onone";
			};
			name = Debug;
		};
		59E55C76268CA85D007F504B /* Release */ = {
			isa = XCBuildConfiguration;
			buildSettings = {
				ALWAYS_SEARCH_USER_PATHS = NO;
				CLANG_ANALYZER_NONNULL = YES;
				CLANG_ANALYZER_NUMBER_OBJECT_CONVERSION = YES_AGGRESSIVE;
				CLANG_CXX_LANGUAGE_STANDARD = "gnu++14";
				CLANG_CXX_LIBRARY = "libc++";
				CLANG_ENABLE_MODULES = YES;
				CLANG_ENABLE_OBJC_ARC = YES;
				CLANG_ENABLE_OBJC_WEAK = YES;
				CLANG_WARN_BLOCK_CAPTURE_AUTORELEASING = YES;
				CLANG_WARN_BOOL_CONVERSION = YES;
				CLANG_WARN_COMMA = YES;
				CLANG_WARN_CONSTANT_CONVERSION = YES;
				CLANG_WARN_DEPRECATED_OBJC_IMPLEMENTATIONS = YES;
				CLANG_WARN_DIRECT_OBJC_ISA_USAGE = YES_ERROR;
				CLANG_WARN_DOCUMENTATION_COMMENTS = YES;
				CLANG_WARN_EMPTY_BODY = YES;
				CLANG_WARN_ENUM_CONVERSION = YES;
				CLANG_WARN_INFINITE_RECURSION = YES;
				CLANG_WARN_INT_CONVERSION = YES;
				CLANG_WARN_NON_LITERAL_NULL_CONVERSION = YES;
				CLANG_WARN_OBJC_IMPLICIT_RETAIN_SELF = YES;
				CLANG_WARN_OBJC_LITERAL_CONVERSION = YES;
				CLANG_WARN_OBJC_ROOT_CLASS = YES_ERROR;
				CLANG_WARN_QUOTED_INCLUDE_IN_FRAMEWORK_HEADER = YES;
				CLANG_WARN_RANGE_LOOP_ANALYSIS = YES;
				CLANG_WARN_STRICT_PROTOTYPES = YES;
				CLANG_WARN_SUSPICIOUS_MOVE = YES;
				CLANG_WARN_UNGUARDED_AVAILABILITY = YES_AGGRESSIVE;
				CLANG_WARN_UNREACHABLE_CODE = YES;
				CLANG_WARN__DUPLICATE_METHOD_MATCH = YES;
				COPY_PHASE_STRIP = NO;
				DEBUG_INFORMATION_FORMAT = "dwarf-with-dsym";
				ENABLE_NS_ASSERTIONS = NO;
				ENABLE_STRICT_OBJC_MSGSEND = YES;
				GCC_C_LANGUAGE_STANDARD = gnu11;
				GCC_NO_COMMON_BLOCKS = YES;
				GCC_WARN_64_TO_32_BIT_CONVERSION = YES;
				GCC_WARN_ABOUT_RETURN_TYPE = YES_ERROR;
				GCC_WARN_UNDECLARED_SELECTOR = YES;
				GCC_WARN_UNINITIALIZED_AUTOS = YES_AGGRESSIVE;
				GCC_WARN_UNUSED_FUNCTION = YES;
				GCC_WARN_UNUSED_VARIABLE = YES;
				IPHONEOS_DEPLOYMENT_TARGET = 14.5;
				MTL_ENABLE_DEBUG_INFO = NO;
				MTL_FAST_MATH = YES;
				SDKROOT = iphoneos;
				SWIFT_COMPILATION_MODE = wholemodule;
				SWIFT_OPTIMIZATION_LEVEL = "-O";
				VALIDATE_PRODUCT = YES;
			};
			name = Release;
		};
		59E55C78268CA85D007F504B /* Debug */ = {
			isa = XCBuildConfiguration;
			baseConfigurationReference = 788F9B08EB29403F2E586A3A /* Pods-SmartHome.debug.xcconfig */;
			buildSettings = {
				ASSETCATALOG_COMPILER_APPICON_NAME = AppIcon;
				ASSETCATALOG_COMPILER_GLOBAL_ACCENT_COLOR_NAME = AccentColor;
				CODE_SIGN_STYLE = Automatic;
				DEVELOPMENT_TEAM = P6U77C42S3;
				INFOPLIST_FILE = SmartHome/Info.plist;
				LD_RUNPATH_SEARCH_PATHS = (
					"$(inherited)",
					"@executable_path/Frameworks",
				);
				PRODUCT_BUNDLE_IDENTIFIER = edu.tr.ege.SmartHome;
				PRODUCT_NAME = "$(TARGET_NAME)";
				SWIFT_VERSION = 5.0;
				TARGETED_DEVICE_FAMILY = "1,2";
			};
			name = Debug;
		};
		59E55C79268CA85D007F504B /* Release */ = {
			isa = XCBuildConfiguration;
			baseConfigurationReference = 3BA394259BC13A971204FA6B /* Pods-SmartHome.release.xcconfig */;
			buildSettings = {
				ASSETCATALOG_COMPILER_APPICON_NAME = AppIcon;
				ASSETCATALOG_COMPILER_GLOBAL_ACCENT_COLOR_NAME = AccentColor;
				CODE_SIGN_STYLE = Automatic;
				DEVELOPMENT_TEAM = P6U77C42S3;
				INFOPLIST_FILE = SmartHome/Info.plist;
				LD_RUNPATH_SEARCH_PATHS = (
					"$(inherited)",
					"@executable_path/Frameworks",
				);
				PRODUCT_BUNDLE_IDENTIFIER = edu.tr.ege.SmartHome;
				PRODUCT_NAME = "$(TARGET_NAME)";
				SWIFT_VERSION = 5.0;
				TARGETED_DEVICE_FAMILY = "1,2";
			};
			name = Release;
		};
/* End XCBuildConfiguration section */

/* Begin XCConfigurationList section */
		59E55C5B268CA859007F504B /* Build configuration list for PBXProject "SmartHome" */ = {
			isa = XCConfigurationList;
			buildConfigurations = (
				59E55C75268CA85D007F504B /* Debug */,
				59E55C76268CA85D007F504B /* Release */,
			);
			defaultConfigurationIsVisible = 0;
			defaultConfigurationName = Release;
		};
		59E55C77268CA85D007F504B /* Build configuration list for PBXNativeTarget "SmartHome" */ = {
			isa = XCConfigurationList;
			buildConfigurations = (
				59E55C78268CA85D007F504B /* Debug */,
				59E55C79268CA85D007F504B /* Release */,
			);
			defaultConfigurationIsVisible = 0;
			defaultConfigurationName = Release;
		};
/* End XCConfigurationList section */

/* Begin XCVersionGroup section */
		59E55C6C268CA85A007F504B /* SmartHome.xcdatamodeld */ = {
			isa = XCVersionGroup;
			children = (
				59E55C6D268CA85A007F504B /* SmartHome.xcdatamodel */,
			);
			currentVersion = 59E55C6D268CA85A007F504B /* SmartHome.xcdatamodel */;
			path = SmartHome.xcdatamodeld;
			sourceTree = "<group>";
			versionGroupType = wrapper.xcdatamodel;
		};
/* End XCVersionGroup section */
	};
	rootObject = 59E55C58268CA859007F504B /* Project object */;
}
